// !$*UTF8*$!
{
	archiveVersion = 1;
	classes = {
	};
	objectVersion = 46;
	objects = {

/* Begin PBXBuildFile section */
		249EF6761F2ED30300FD5A8F /* AppDelegate.swift in Sources */ = {isa = PBXBuildFile; fileRef = 249EF6751F2ED30300FD5A8F /* AppDelegate.swift */; };
		249EF6781F2ED30300FD5A8F /* ViewController.swift in Sources */ = {isa = PBXBuildFile; fileRef = 249EF6771F2ED30300FD5A8F /* ViewController.swift */; };
		249EF67B1F2ED30300FD5A8F /* Main.storyboard in Resources */ = {isa = PBXBuildFile; fileRef = 249EF6791F2ED30300FD5A8F /* Main.storyboard */; };
		249EF67D1F2ED30300FD5A8F /* Assets.xcassets in Resources */ = {isa = PBXBuildFile; fileRef = 249EF67C1F2ED30300FD5A8F /* Assets.xcassets */; };
		249EF6801F2ED30300FD5A8F /* LaunchScreen.storyboard in Resources */ = {isa = PBXBuildFile; fileRef = 249EF67E1F2ED30300FD5A8F /* LaunchScreen.storyboard */; };
		24C4B0A41F3C1762006A95E2 /* TestExTableViewController.swift in Sources */ = {isa = PBXBuildFile; fileRef = 24C4B0A31F3C1762006A95E2 /* TestExTableViewController.swift */; };
/* End PBXBuildFile section */

/* Begin PBXFileReference section */
		247443C61F38675300B9ADF5 /* 15-函数类型.playground */ = {isa = PBXFileReference; lastKnownFileType = file.playground; path = "15-函数类型.playground"; sourceTree = "<group>"; };
		247443C71F38714D00B9ADF5 /* 16-枚举的使用.playground */ = {isa = PBXFileReference; lastKnownFileType = file.playground; path = "16-枚举的使用.playground"; sourceTree = "<group>"; };
		247FDE3B1F2EF92C001BFA8E /* 01-变量和常量.playground */ = {isa = PBXFileReference; lastKnownFileType = file.playground; path = "01-变量和常量.playground"; sourceTree = "<group>"; };
		247FDE3C1F2F0468001BFA8E /* 02-运算符.playground */ = {isa = PBXFileReference; lastKnownFileType = file.playground; path = "02-运算符.playground"; sourceTree = "<group>"; };
		247FDE3D1F2F1C4B001BFA8E /* 03-可选项.playground */ = {isa = PBXFileReference; lastKnownFileType = file.playground; path = "03-可选项.playground"; sourceTree = "<group>"; };
		247FDE401F306446001BFA8E /* 04-条件语句.playground */ = {isa = PBXFileReference; lastKnownFileType = file.playground; path = "04-条件语句.playground"; sourceTree = "<group>"; };
		247FDE411F307967001BFA8E /* 05-循环.playground */ = {isa = PBXFileReference; lastKnownFileType = file.playground; path = "05-循环.playground"; sourceTree = "<group>"; };
		247FDE421F3092B0001BFA8E /* 06-元组.playground */ = {isa = PBXFileReference; lastKnownFileType = file.playground; path = "06-元组.playground"; sourceTree = "<group>"; };
		247FDE431F318294001BFA8E /* 07-数组.playground */ = {isa = PBXFileReference; lastKnownFileType = file.playground; path = "07-数组.playground"; sourceTree = "<group>"; };
		247FDE451F31E749001BFA8E /* 08-字典.playground */ = {isa = PBXFileReference; lastKnownFileType = file.playground; path = "08-字典.playground"; sourceTree = "<group>"; };
		247FDE461F31EA7D001BFA8E /* 09-类型转换.playground */ = {isa = PBXFileReference; lastKnownFileType = file.playground; path = "09-类型转换.playground"; sourceTree = "<group>"; };
		247FDE471F36BD3A001BFA8E /* 10-函数基本使用.playground */ = {isa = PBXFileReference; lastKnownFileType = file.playground; path = "10-函数基本使用.playground"; sourceTree = "<group>"; };
		249EF6721F2ED30300FD5A8F /* Swift_Practice.app */ = {isa = PBXFileReference; explicitFileType = wrapper.application; includeInIndex = 0; path = Swift_Practice.app; sourceTree = BUILT_PRODUCTS_DIR; };
		249EF6751F2ED30300FD5A8F /* AppDelegate.swift */ = {isa = PBXFileReference; lastKnownFileType = sourcecode.swift; path = AppDelegate.swift; sourceTree = "<group>"; };
		249EF6771F2ED30300FD5A8F /* ViewController.swift */ = {isa = PBXFileReference; lastKnownFileType = sourcecode.swift; path = ViewController.swift; sourceTree = "<group>"; };
		249EF67A1F2ED30300FD5A8F /* Base */ = {isa = PBXFileReference; lastKnownFileType = file.storyboard; name = Base; path = Base.lproj/Main.storyboard; sourceTree = "<group>"; };
		249EF67C1F2ED30300FD5A8F /* Assets.xcassets */ = {isa = PBXFileReference; lastKnownFileType = folder.assetcatalog; path = Assets.xcassets; sourceTree = "<group>"; };
		249EF67F1F2ED30300FD5A8F /* Base */ = {isa = PBXFileReference; lastKnownFileType = file.storyboard; name = Base; path = Base.lproj/LaunchScreen.storyboard; sourceTree = "<group>"; };
		249EF6811F2ED30300FD5A8F /* Info.plist */ = {isa = PBXFileReference; lastKnownFileType = text.plist.xml; path = Info.plist; sourceTree = "<group>"; };
		24C4B09D1F38845C006A95E2 /* 17-结构体基本使用.playground */ = {isa = PBXFileReference; lastKnownFileType = file.playground; path = "17-结构体基本使用.playground"; sourceTree = "<group>"; };
		24C4B09E1F3AF526006A95E2 /* 18-结构体扩充构造函数.playground */ = {isa = PBXFileReference; lastKnownFileType = file.playground; path = "18-结构体扩充构造函数.playground"; sourceTree = "<group>"; };
		24C4B09F1F3AFAA8006A95E2 /* 19-结构体扩充函数.playground */ = {isa = PBXFileReference; lastKnownFileType = file.playground; path = "19-结构体扩充函数.playground"; sourceTree = "<group>"; };
		24C4B0A01F3B0C39006A95E2 /* 20-类的基本使用.playground */ = {isa = PBXFileReference; lastKnownFileType = file.playground; path = "20-类的基本使用.playground"; sourceTree = "<group>"; };
		24C4B0A11F3B1B51006A95E2 /* 21-字典转模型.playground */ = {isa = PBXFileReference; lastKnownFileType = file.playground; path = "21-字典转模型.playground"; sourceTree = "<group>"; };
		24C4B0A21F3B210D006A95E2 /* 22-类的析构函数.playground */ = {isa = PBXFileReference; lastKnownFileType = file.playground; path = "22-类的析构函数.playground"; sourceTree = "<group>"; };
		24C4B0A31F3C1762006A95E2 /* TestExTableViewController.swift */ = {isa = PBXFileReference; fileEncoding = 4; lastKnownFileType = sourcecode.swift; path = TestExTableViewController.swift; sourceTree = "<group>"; };
		24C4B0A51F3C31C1006A95E2 /* 23-类的属性.playground */ = {isa = PBXFileReference; lastKnownFileType = file.playground; path = "23-类的属性.playground"; sourceTree = "<group>"; };
		24C4B0A61F415BDD006A95E2 /* 24-监听属性改变.playground */ = {isa = PBXFileReference; lastKnownFileType = file.playground; path = "24-监听属性改变.playground"; sourceTree = "<group>"; };
		24DBF03F1F36FDA300771CCE /* 11-函数的使用细节(外部参数和内部参数).playground */ = {isa = PBXFileReference; lastKnownFileType = file.playground; path = "11-函数的使用细节(外部参数和内部参数).playground"; sourceTree = "<group>"; };
		24DBF0401F37037200771CCE /* 12-函数使用细节(默认参数).playground */ = {isa = PBXFileReference; lastKnownFileType = file.playground; path = "12-函数使用细节(默认参数).playground"; sourceTree = "<group>"; xcLanguageSpecificationIdentifier = xcode.lang.swift; };
		24DBF0411F37046100771CCE /* 13-函数使用细节(可变参数).playground */ = {isa = PBXFileReference; lastKnownFileType = file.playground; path = "13-函数使用细节(可变参数).playground"; sourceTree = "<group>"; xcLanguageSpecificationIdentifier = xcode.lang.swift; };
		24DBF0421F37191F00771CCE /* 14-函数使用细节(函数...变的细节).playground */ = {isa = PBXFileReference; lastKnownFileType = file.playground; path = "14-函数使用细节(函数...变的细节).playground"; sourceTree = "<group>"; xcLanguageSpecificationIdentifier = xcode.lang.swift; };
/* End PBXFileReference section */

/* Begin PBXFrameworksBuildPhase section */
		249EF66F1F2ED30300FD5A8F /* Frameworks */ = {
			isa = PBXFrameworksBuildPhase;
			buildActionMask = 2147483647;
			files = (
			);
			runOnlyForDeploymentPostprocessing = 0;
		};
/* End PBXFrameworksBuildPhase section */

/* Begin PBXGroup section */
		249EF6691F2ED30300FD5A8F = {
			isa = PBXGroup;
			children = (
				249EF6741F2ED30300FD5A8F /* Swift_Practice */,
				249EF6731F2ED30300FD5A8F /* Products */,
			);
			sourceTree = "<group>";
		};
		249EF6731F2ED30300FD5A8F /* Products */ = {
			isa = PBXGroup;
			children = (
				249EF6721F2ED30300FD5A8F /* Swift_Practice.app */,
			);
			name = Products;
			sourceTree = "<group>";
		};
		249EF6741F2ED30300FD5A8F /* Swift_Practice */ = {
			isa = PBXGroup;
			children = (
				249EF6871F2ED6FE00FD5A8F /* Code */,
				249EF6751F2ED30300FD5A8F /* AppDelegate.swift */,
				249EF6771F2ED30300FD5A8F /* ViewController.swift */,
				249EF6791F2ED30300FD5A8F /* Main.storyboard */,
				249EF67C1F2ED30300FD5A8F /* Assets.xcassets */,
				249EF67E1F2ED30300FD5A8F /* LaunchScreen.storyboard */,
				249EF6811F2ED30300FD5A8F /* Info.plist */,
			);
			path = Swift_Practice;
			sourceTree = "<group>";
		};
		249EF6871F2ED6FE00FD5A8F /* Code */ = {
			isa = PBXGroup;
			children = (
				247FDE3B1F2EF92C001BFA8E /* 01-变量和常量.playground */,
				247FDE3C1F2F0468001BFA8E /* 02-运算符.playground */,
				247FDE3D1F2F1C4B001BFA8E /* 03-可选项.playground */,
				247FDE401F306446001BFA8E /* 04-条件语句.playground */,
				247FDE411F307967001BFA8E /* 05-循环.playground */,
				247FDE421F3092B0001BFA8E /* 06-元组.playground */,
				247FDE431F318294001BFA8E /* 07-数组.playground */,
				247FDE451F31E749001BFA8E /* 08-字典.playground */,
				247FDE461F31EA7D001BFA8E /* 09-类型转换.playground */,
				247FDE471F36BD3A001BFA8E /* 10-函数基本使用.playground */,
				24DBF03F1F36FDA300771CCE /* 11-函数的使用细节(外部参数和内部参数).playground */,
				24DBF0401F37037200771CCE /* 12-函数使用细节(默认参数).playground */,
				24DBF0411F37046100771CCE /* 13-函数使用细节(可变参数).playground */,
				24DBF0421F37191F00771CCE /* 14-函数使用细节(函数...变的细节).playground */,
				247443C61F38675300B9ADF5 /* 15-函数类型.playground */,
				247443C71F38714D00B9ADF5 /* 16-枚举的使用.playground */,
				24C4B09D1F38845C006A95E2 /* 17-结构体基本使用.playground */,
				24C4B09E1F3AF526006A95E2 /* 18-结构体扩充构造函数.playground */,
				24C4B09F1F3AFAA8006A95E2 /* 19-结构体扩充函数.playground */,
				24C4B0A01F3B0C39006A95E2 /* 20-类的基本使用.playground */,
				24C4B0A11F3B1B51006A95E2 /* 21-字典转模型.playground */,
				24C4B0A21F3B210D006A95E2 /* 22-类的析构函数.playground */,
				24C4B0A31F3C1762006A95E2 /* TestExTableViewController.swift */,
				24C4B0A51F3C31C1006A95E2 /* 23-类的属性.playground */,
				24C4B0A61F415BDD006A95E2 /* 24-监听属性改变.playground */,
			);
			path = Code;
			sourceTree = "<group>";
		};
/* End PBXGroup section */

/* Begin PBXNativeTarget section */
		249EF6711F2ED30300FD5A8F /* Swift_Practice */ = {
			isa = PBXNativeTarget;
			buildConfigurationList = 249EF6841F2ED30300FD5A8F /* Build configuration list for PBXNativeTarget "Swift_Practice" */;
			buildPhases = (
				249EF66E1F2ED30300FD5A8F /* Sources */,
				249EF66F1F2ED30300FD5A8F /* Frameworks */,
				249EF6701F2ED30300FD5A8F /* Resources */,
			);
			buildRules = (
			);
			dependencies = (
			);
			name = Swift_Practice;
			productName = Swift_Practice;
			productReference = 249EF6721F2ED30300FD5A8F /* Swift_Practice.app */;
			productType = "com.apple.product-type.application";
		};
/* End PBXNativeTarget section */

/* Begin PBXProject section */
		249EF66A1F2ED30300FD5A8F /* Project object */ = {
			isa = PBXProject;
			attributes = {
				LastSwiftUpdateCheck = 0830;
				LastUpgradeCheck = 0830;
				ORGANIZATIONNAME = LYL;
				TargetAttributes = {
					249EF6711F2ED30300FD5A8F = {
						CreatedOnToolsVersion = 8.3.2;
						ProvisioningStyle = Automatic;
					};
				};
			};
			buildConfigurationList = 249EF66D1F2ED30300FD5A8F /* Build configuration list for PBXProject "Swift_Practice" */;
			compatibilityVersion = "Xcode 3.2";
			developmentRegion = English;
			hasScannedForEncodings = 0;
			knownRegions = (
				en,
				Base,
			);
			mainGroup = 249EF6691F2ED30300FD5A8F;
			productRefGroup = 249EF6731F2ED30300FD5A8F /* Products */;
			projectDirPath = "";
			projectRoot = "";
			targets = (
				249EF6711F2ED30300FD5A8F /* Swift_Practice */,
			);
		};
/* End PBXProject section */

/* Begin PBXResourcesBuildPhase section */
		249EF6701F2ED30300FD5A8F /* Resources */ = {
			isa = PBXResourcesBuildPhase;
			buildActionMask = 2147483647;
			files = (
				249EF6801F2ED30300FD5A8F /* LaunchScreen.storyboard in Resources */,
				249EF67D1F2ED30300FD5A8F /* Assets.xcassets in Resources */,
				249EF67B1F2ED30300FD5A8F /* Main.storyboard in Resources */,
			);
			runOnlyForDeploymentPostprocessing = 0;
		};
/* End PBXResourcesBuildPhase section */

/* Begin PBXSourcesBuildPhase section */
		249EF66E1F2ED30300FD5A8F /* Sources */ = {
			isa = PBXSourcesBuildPhase;
			buildActionMask = 2147483647;
			files = (
				249EF6781F2ED30300FD5A8F /* ViewController.swift in Sources */,
				249EF6761F2ED30300FD5A8F /* AppDelegate.swift in Sources */,
				24C4B0A41F3C1762006A95E2 /* TestExTableViewController.swift in Sources */,
			);
			runOnlyForDeploymentPostprocessing = 0;
		};
/* End PBXSourcesBuildPhase section */

/* Begin PBXVariantGroup section */
		249EF6791F2ED30300FD5A8F /* Main.storyboard */ = {
			isa = PBXVariantGroup;
			children = (
				249EF67A1F2ED30300FD5A8F /* Base */,
			);
			name = Main.storyboard;
			sourceTree = "<group>";
		};
		249EF67E1F2ED30300FD5A8F /* LaunchScreen.storyboard */ = {
			isa = PBXVariantGroup;
			children = (
				249EF67F1F2ED30300FD5A8F /* Base */,
			);
			name = LaunchScreen.storyboard;
			sourceTree = "<group>";
		};
/* End PBXVariantGroup section */

/* Begin XCBuildConfiguration section */
		249EF6821F2ED30300FD5A8F /* Debug */ = {
			isa = XCBuildConfiguration;
			buildSettings = {
				ALWAYS_SEARCH_USER_PATHS = NO;
				CLANG_ANALYZER_NONNULL = YES;
				CLANG_ANALYZER_NUMBER_OBJECT_CONVERSION = YES_AGGRESSIVE;
				CLANG_CXX_LANGUAGE_STANDARD = "gnu++0x";
				CLANG_CXX_LIBRARY = "libc++";
				CLANG_ENABLE_MODULES = YES;
				CLANG_ENABLE_OBJC_ARC = YES;
				CLANG_WARN_BOOL_CONVERSION = YES;
				CLANG_WARN_CONSTANT_CONVERSION = YES;
				CLANG_WARN_DIRECT_OBJC_ISA_USAGE = YES_ERROR;
				CLANG_WARN_DOCUMENTATION_COMMENTS = YES;
				CLANG_WARN_EMPTY_BODY = YES;
				CLANG_WARN_ENUM_CONVERSION = YES;
				CLANG_WARN_INFINITE_RECURSION = YES;
				CLANG_WARN_INT_CONVERSION = YES;
				CLANG_WARN_OBJC_ROOT_CLASS = YES_ERROR;
				CLANG_WARN_SUSPICIOUS_MOVE = YES;
				CLANG_WARN_UNREACHABLE_CODE = YES;
				CLANG_WARN__DUPLICATE_METHOD_MATCH = YES;
				"CODE_SIGN_IDENTITY[sdk=iphoneos*]" = "iPhone Developer";
				COPY_PHASE_STRIP = NO;
				DEBUG_INFORMATION_FORMAT = dwarf;
				ENABLE_STRICT_OBJC_MSGSEND = YES;
				ENABLE_TESTABILITY = YES;
				GCC_C_LANGUAGE_STANDARD = gnu99;
				GCC_DYNAMIC_NO_PIC = NO;
				GCC_NO_COMMON_BLOCKS = YES;
				GCC_OPTIMIZATION_LEVEL = 0;
				GCC_PREPROCESSOR_DEFINITIONS = (
					"DEBUG=1",
					"$(inherited)",
				);
				GCC_WARN_64_TO_32_BIT_CONVERSION = YES;
				GCC_WARN_ABOUT_RETURN_TYPE = YES_ERROR;
				GCC_WARN_UNDECLARED_SELECTOR = YES;
				GCC_WARN_UNINITIALIZED_AUTOS = YES_AGGRESSIVE;
				GCC_WARN_UNUSED_FUNCTION = YES;
				GCC_WARN_UNUSED_VARIABLE = YES;
				IPHONEOS_DEPLOYMENT_TARGET = 10.3;
				MTL_ENABLE_DEBUG_INFO = YES;
				ONLY_ACTIVE_ARCH = YES;
				SDKROOT = iphoneos;
				SWIFT_ACTIVE_COMPILATION_CONDITIONS = DEBUG;
				SWIFT_OPTIMIZATION_LEVEL = "-Onone";
			};
			name = Debug;
		};
		249EF6831F2ED30300FD5A8F /* Release */ = {
			isa = XCBuildConfiguration;
			buildSettings = {
				ALWAYS_SEARCH_USER_PATHS = NO;
				CLANG_ANALYZER_NONNULL = YES;
				CLANG_ANALYZER_NUMBER_OBJECT_CONVERSION = YES_AGGRESSIVE;
				CLANG_CXX_LANGUAGE_STANDARD = "gnu++0x";
				CLANG_CXX_LIBRARY = "libc++";
				CLANG_ENABLE_MODULES = YES;
				CLANG_ENABLE_OBJC_ARC = YES;
				CLANG_WARN_BOOL_CONVERSION = YES;
				CLANG_WARN_CONSTANT_CONVERSION = YES;
				CLANG_WARN_DIRECT_OBJC_ISA_USAGE = YES_ERROR;
				CLANG_WARN_DOCUMENTATION_COMMENTS = YES;
				CLANG_WARN_EMPTY_BODY = YES;
				CLANG_WARN_ENUM_CONVERSION = YES;
				CLANG_WARN_INFINITE_RECURSION = YES;
				CLANG_WARN_INT_CONVERSION = YES;
				CLANG_WARN_OBJC_ROOT_CLASS = YES_ERROR;
				CLANG_WARN_SUSPICIOUS_MOVE = YES;
				CLANG_WARN_UNREACHABLE_CODE = YES;
				CLANG_WARN__DUPLICATE_METHOD_MATCH = YES;
				"CODE_SIGN_IDENTITY[sdk=iphoneos*]" = "iPhone Developer";
				COPY_PHASE_STRIP = NO;
				DEBUG_INFORMATION_FORMAT = "dwarf-with-dsym";
				ENABLE_NS_ASSERTIONS = NO;
				ENABLE_STRICT_OBJC_MSGSEND = YES;
				GCC_C_LANGUAGE_STANDARD = gnu99;
				GCC_NO_COMMON_BLOCKS = YES;
				GCC_WARN_64_TO_32_BIT_CONVERSION = YES;
				GCC_WARN_ABOUT_RETURN_TYPE = YES_ERROR;
				GCC_WARN_UNDECLARED_SELECTOR = YES;
				GCC_WARN_UNINITIALIZED_AUTOS = YES_AGGRESSIVE;
				GCC_WARN_UNUSED_FUNCTION = YES;
				GCC_WARN_UNUSED_VARIABLE = YES;
				IPHONEOS_DEPLOYMENT_TARGET = 10.3;
				MTL_ENABLE_DEBUG_INFO = NO;
				SDKROOT = iphoneos;
				SWIFT_OPTIMIZATION_LEVEL = "-Owholemodule";
				VALIDATE_PRODUCT = YES;
			};
			name = Release;
		};
		249EF6851F2ED30300FD5A8F /* Debug */ = {
			isa = XCBuildConfiguration;
			buildSettings = {
				ASSETCATALOG_COMPILER_APPICON_NAME = AppIcon;
				INFOPLIST_FILE = Swift_Practice/Info.plist;
				LD_RUNPATH_SEARCH_PATHS = "$(inherited) @executable_path/Frameworks";
				PRODUCT_BUNDLE_IDENTIFIER = "L.Swift-Practice";
				PRODUCT_NAME = "$(TARGET_NAME)";
				SWIFT_VERSION = 3.0;
			};
			name = Debug;
		};
		249EF6861F2ED30300FD5A8F /* Release */ = {
			isa = XCBuildConfiguration;
			buildSettings = {
				ASSETCATALOG_COMPILER_APPICON_NAME = AppIcon;
				INFOPLIST_FILE = Swift_Practice/Info.plist;
				LD_RUNPATH_SEARCH_PATHS = "$(inherited) @executable_path/Frameworks";
				PRODUCT_BUNDLE_IDENTIFIER = "L.Swift-Practice";
				PRODUCT_NAME = "$(TARGET_NAME)";
				SWIFT_VERSION = 3.0;
			};
			name = Release;
		};
/* End XCBuildConfiguration section */

/* Begin XCConfigurationList section */
		249EF66D1F2ED30300FD5A8F /* Build configuration list for PBXProject "Swift_Practice" */ = {
			isa = XCConfigurationList;
			buildConfigurations = (
				249EF6821F2ED30300FD5A8F /* Debug */,
				249EF6831F2ED30300FD5A8F /* Release */,
			);
			defaultConfigurationIsVisible = 0;
			defaultConfigurationName = Release;
		};
		249EF6841F2ED30300FD5A8F /* Build configuration list for PBXNativeTarget "Swift_Practice" */ = {
			isa = XCConfigurationList;
			buildConfigurations = (
				249EF6851F2ED30300FD5A8F /* Debug */,
				249EF6861F2ED30300FD5A8F /* Release */,
			);
			defaultConfigurationIsVisible = 0;
			defaultConfigurationName = Release;
		};
/* End XCConfigurationList section */
	};
	rootObject = 249EF66A1F2ED30300FD5A8F /* Project object */;
}
